
Microsoft Visual Studio Solution File, Format Version 12.00
# Visual Studio 15
VisualStudioVersion = 15.0.28010.2050
MinimumVisualStudioVersion = 10.0.40219.1
Project("{8BC9CEB8-8B4A-11D0-8D11-00A0C91BC942}") = "0_simpleHomography", "0_simpleHomography\0_simpleHomography.vcxproj", "{99E75BAF-8615-4598-9007-08264A677153}"
EndProject
Project("{8BC9CEB8-8B4A-11D0-8D11-00A0C91BC942}") = "1_DLTCalculation", "1_DLTCalculation\1_DLTCalculation.vcxproj", "{DC851AFF-A663-4E7A-9373-B3D98979DDD9}"
EndProject
Project("{8BC9CEB8-8B4A-11D0-8D11-00A0C91BC942}") = "2_Superpixels", "2_Superpixels\2_Superpixels.vcxproj", "{FFAC6154-85D8-48AA-B1E9-77B34CD43D9C}"
EndProject
Project("{8BC9CEB8-8B4A-11D0-8D11-00A0C91BC942}") = "3_Contours", "3_Contours\3_Contours.vcxproj", "{829E4634-5F40-4967-8023-3EBCA7D70F19}"
EndProject
Project("{8BC9CEB8-8B4A-11D0-8D11-00A0C91BC942}") = "4_ConnectedComponents", "4_ConnectedComponents\4_ConnectedComponents.vcxproj", "{CD278790-FCFB-4E20-8004-52CE64AFBA78}"
EndProject
Project("{8BC9CEB8-8B4A-11D0-8D11-00A0C91BC942}") = "5_cvTile", "5_cvTile\5_cvTile.vcxproj", "{AF9F9EB5-73C7-434C-974D-29786A219496}"
EndProject
Project("{8BC9CEB8-8B4A-11D0-8D11-00A0C91BC942}") = "0_cvAndCpp", "0_cvAndCpp\0_cvAndCpp.vcxproj", "{85B105CC-CA68-4C4A-9358-8F8ED45F655C}"
EndProject
Global
	GlobalSection(SolutionConfigurationPlatforms) = preSolution
		Debug|x64 = Debug|x64
		Debug|x86 = Debug|x86
		Release|x64 = Release|x64
		Release|x86 = Release|x86
	EndGlobalSection
	GlobalSection(ProjectConfigurationPlatforms) = postSolution
		{99E75BAF-8615-4598-9007-08264A677153}.Debug|x64.ActiveCfg = Debug|x64
		{99E75BAF-8615-4598-9007-08264A677153}.Debug|x64.Build.0 = Debug|x64
		{99E75BAF-8615-4598-9007-08264A677153}.Debug|x86.ActiveCfg = Debug|Win32
		{99E75BAF-8615-4598-9007-08264A677153}.Debug|x86.Build.0 = Debug|Win32
		{99E75BAF-8615-4598-9007-08264A677153}.Release|x64.ActiveCfg = Release|x64
		{99E75BAF-8615-4598-9007-08264A677153}.Release|x64.Build.0 = Release|x64
		{99E75BAF-8615-4598-9007-08264A677153}.Release|x86.ActiveCfg = Release|Win32
		{99E75BAF-8615-4598-9007-08264A677153}.Release|x86.Build.0 = Release|Win32
		{DC851AFF-A663-4E7A-9373-B3D98979DDD9}.Debug|x64.ActiveCfg = Debug|x64
		{DC851AFF-A663-4E7A-9373-B3D98979DDD9}.Debug|x64.Build.0 = Debug|x64
		{DC851AFF-A663-4E7A-9373-B3D98979DDD9}.Debug|x86.ActiveCfg = Debug|Win32
		{DC851AFF-A663-4E7A-9373-B3D98979DDD9}.Debug|x86.Build.0 = Debug|Win32
		{DC851AFF-A663-4E7A-9373-B3D98979DDD9}.Release|x64.ActiveCfg = Release|x64
		{DC851AFF-A663-4E7A-9373-B3D98979DDD9}.Release|x64.Build.0 = Release|x64
		{DC851AFF-A663-4E7A-9373-B3D98979DDD9}.Release|x86.ActiveCfg = Release|Win32
		{DC851AFF-A663-4E7A-9373-B3D98979DDD9}.Release|x86.Build.0 = Release|Win32
		{FFAC6154-85D8-48AA-B1E9-77B34CD43D9C}.Debug|x64.ActiveCfg = Debug|x64
		{FFAC6154-85D8-48AA-B1E9-77B34CD43D9C}.Debug|x64.Build.0 = Debug|x64
		{FFAC6154-85D8-48AA-B1E9-77B34CD43D9C}.Debug|x86.ActiveCfg = Debug|Win32
		{FFAC6154-85D8-48AA-B1E9-77B34CD43D9C}.Debug|x86.Build.0 = Debug|Win32
		{FFAC6154-85D8-48AA-B1E9-77B34CD43D9C}.Release|x64.ActiveCfg = Release|x64
		{FFAC6154-85D8-48AA-B1E9-77B34CD43D9C}.Release|x64.Build.0 = Release|x64
		{FFAC6154-85D8-48AA-B1E9-77B34CD43D9C}.Release|x86.ActiveCfg = Release|Win32
		{FFAC6154-85D8-48AA-B1E9-77B34CD43D9C}.Release|x86.Build.0 = Release|Win32
		{829E4634-5F40-4967-8023-3EBCA7D70F19}.Debug|x64.ActiveCfg = Debug|x64
		{829E4634-5F40-4967-8023-3EBCA7D70F19}.Debug|x64.Build.0 = Debug|x64
		{829E4634-5F40-4967-8023-3EBCA7D70F19}.Debug|x86.ActiveCfg = Debug|Win32
		{829E4634-5F40-4967-8023-3EBCA7D70F19}.Debug|x86.Build.0 = Debug|Win32
		{829E4634-5F40-4967-8023-3EBCA7D70F19}.Release|x64.ActiveCfg = Release|x64
		{829E4634-5F40-4967-8023-3EBCA7D70F19}.Release|x64.Build.0 = Release|x64
		{829E4634-5F40-4967-8023-3EBCA7D70F19}.Release|x86.ActiveCfg = Release|Win32
		{829E4634-5F40-4967-8023-3EBCA7D70F19}.Release|x86.Build.0 = Release|Win32
		{CD278790-FCFB-4E20-8004-52CE64AFBA78}.Debug|x64.ActiveCfg = Debug|x64
		{CD278790-FCFB-4E20-8004-52CE64AFBA78}.Debug|x64.Build.0 = Debug|x64
		{CD278790-FCFB-4E20-8004-52CE64AFBA78}.Debug|x86.ActiveCfg = Debug|Win32
		{CD278790-FCFB-4E20-8004-52CE64AFBA78}.Debug|x86.Build.0 = Debug|Win32
		{CD278790-FCFB-4E20-8004-52CE64AFBA78}.Release|x64.ActiveCfg = Release|x64
		{CD278790-FCFB-4E20-8004-52CE64AFBA78}.Release|x64.Build.0 = Release|x64
		{CD278790-FCFB-4E20-8004-52CE64AFBA78}.Release|x86.ActiveCfg = Release|Win32
		{CD278790-FCFB-4E20-8004-52CE64AFBA78}.Release|x86.Build.0 = Release|Win32
		{AF9F9EB5-73C7-434C-974D-29786A219496}.Debug|x64.ActiveCfg = Debug|x64
		{AF9F9EB5-73C7-434C-974D-29786A219496}.Debug|x64.Build.0 = Debug|x64
		{AF9F9EB5-73C7-434C-974D-29786A219496}.Debug|x86.ActiveCfg = Debug|Win32
		{AF9F9EB5-73C7-434C-974D-29786A219496}.Debug|x86.Build.0 = Debug|Win32
		{AF9F9EB5-73C7-434C-974D-29786A219496}.Release|x64.ActiveCfg = Release|x64
		{AF9F9EB5-73C7-434C-974D-29786A219496}.Release|x64.Build.0 = Release|x64
		{AF9F9EB5-73C7-434C-974D-29786A219496}.Release|x86.ActiveCfg = Release|Win32
		{AF9F9EB5-73C7-434C-974D-29786A219496}.Release|x86.Build.0 = Release|Win32
		{85B105CC-CA68-4C4A-9358-8F8ED45F655C}.Debug|x64.ActiveCfg = Debug|x64
		{85B105CC-CA68-4C4A-9358-8F8ED45F655C}.Debug|x64.Build.0 = Debug|x64
		{85B105CC-CA68-4C4A-9358-8F8ED45F655C}.Debug|x86.ActiveCfg = Debug|Win32
		{85B105CC-CA68-4C4A-9358-8F8ED45F655C}.Debug|x86.Build.0 = Debug|Win32
		{85B105CC-CA68-4C4A-9358-8F8ED45F655C}.Release|x64.ActiveCfg = Release|x64
		{85B105CC-CA68-4C4A-9358-8F8ED45F655C}.Release|x64.Build.0 = Release|x64
		{85B105CC-CA68-4C4A-9358-8F8ED45F655C}.Release|x86.ActiveCfg = Release|Win32
		{85B105CC-CA68-4C4A-9358-8F8ED45F655C}.Release|x86.Build.0 = Release|Win32
	EndGlobalSection
	GlobalSection(SolutionProperties) = preSolution
		HideSolutionNode = FALSE
	EndGlobalSection
	GlobalSection(ExtensibilityGlobals) = postSolution
		SolutionGuid = {CC280470-D3B7-4EC1-B212-28CE1F1FE63A}
	EndGlobalSection
EndGlobal
